// !$*UTF8*$!
{
	archiveVersion = 1;
	classes = {
	};
	objectVersion = 77;
	objects = {

/* Begin PBXContainerItemProxy section */
		A8BB284F2F4A9724005BEAF0 /* PBXContainerItemProxy */ = {
			isa = PBXContainerItemProxy;
			containerPortal = A8BB28392F4A9722005BEAF0 /* Project object */;
			proxyType = 1;
			remoteGlobalIDString = A8BB28402F4A9722005BEAF0;
			remoteInfo = "What to Eat";
		};
		A8BB28592F4A9724005BEAF0 /* PBXContainerItemProxy */ = {
			isa = PBXContainerItemProxy;
			containerPortal = A8BB28392F4A9722005BEAF0 /* Project object */;
			proxyType = 1;
			remoteGlobalIDString = A8BB28402F4A9722005BEAF0;
			remoteInfo = "What to Eat";
		};
/* End PBXContainerItemProxy section */

/* Begin PBXFileReference section */
		A8BB28412F4A9722005BEAF0 /* What to Eat.app */ = {isa = PBXFileReference; explicitFileType = wrapper.application; includeInIndex = 0; path = "What to Eat.app"; sourceTree = BUILT_PRODUCTS_DIR; };
		A8BB284E2F4A9724005BEAF0 /* What to EatTests.xctest */ = {isa = PBXFileReference; explicitFileType = wrapper.cfbundle; includeInIndex = 0; path = "What to EatTests.xctest"; sourceTree = BUILT_PRODUCTS_DIR; };
		A8BB28582F4A9724005BEAF0 /* What to EatUITests.xctest */ = {isa = PBXFileReference; explicitFileType = wrapper.cfbundle; includeInIndex = 0; path = "What to EatUITests.xctest"; sourceTree = BUILT_PRODUCTS_DIR; };
/* End PBXFileReference section */

/* Begin PBXFileSystemSynchronizedRootGroup section */
		A8BB28432F4A9722005BEAF0 /* What to Eat */ = {
			isa = PBXFileSystemSynchronizedRootGroup;
			path = "What to Eat";
			sourceTree = "<group>";
		};
		A8BB28512F4A9724005BEAF0 /* What to EatTests */ = {
			isa = PBXFileSystemSynchronizedRootGroup;
			path = "What to EatTests";
			sourceTree = "<group>";
		};
		A8BB285B2F4A9724005BEAF0 /* What to EatUITests */ = {
			isa = PBXFileSystemSynchronizedRootGroup;
			path = "What to EatUITests";
			sourceTree = "<group>";
		};
/* End PBXFileSystemSynchronizedRootGroup section */

/* Begin PBXFrameworksBuildPhase section */
		A8BB283E2F4A9722005BEAF0 /* Frameworks */ = {
			isa = PBXFrameworksBuildPhase;
			buildActionMask = 2147483647;
			files = (
			);
			runOnlyForDeploymentPostprocessing = 0;
		};
		A8BB284B2F4A9724005BEAF0 /* Frameworks */ = {
			isa = PBXFrameworksBuildPhase;
			buildActionMask = 2147483647;
			files = (
			);
			runOnlyForDeploymentPostprocessing = 0;
		};
		A8BB28552F4A9724005BEAF0 /* Frameworks */ = {
			isa = PBXFrameworksBuildPhase;
			buildActionMask = 2147483647;
			files = (
			);
			runOnlyForDeploymentPostprocessing = 0;
		};
/* End PBXFrameworksBuildPhase section */

/* Begin PBXGroup section */
		A8BB28382F4A9722005BEAF0 = {
			isa = PBXGroup;
			children = (
				A8BB28432F4A9722005BEAF0 /* What to Eat */,
				A8BB28512F4A9724005BEAF0 /* What to EatTests */,
				A8BB285B2F4A9724005BEAF0 /* What to EatUITests */,
				A8BB28422F4A9722005BEAF0 /* Products */,
			);
			sourceTree = "<group>";
		};
		A8BB28422F4A9722005BEAF0 /* Products */ = {
			isa = PBXGroup;
			children = (
				A8BB28412F4A9722005BEAF0 /* What to Eat.app */,
				A8BB284E2F4A9724005BEAF0 /* What to EatTests.xctest */,
				A8BB28582F4A9724005BEAF0 /* What to EatUITests.xctest */,
			);
			name = Products;
			sourceTree = "<group>";
		};
/* End PBXGroup section */

/* Begin PBXNativeTarget section */
		A8BB28402F4A9722005BEAF0 /* What to Eat */ = {
			isa = PBXNativeTarget;
			buildConfigurationList = A8BB28622F4A9724005BEAF0 /* Build configuration list for PBXNativeTarget "What to Eat" */;
			buildPhases = (
				A8BB283D2F4A9722005BEAF0 /* Sources */,
				A8BB283E2F4A9722005BEAF0 /* Frameworks */,
				A8BB283F2F4A9722005BEAF0 /* Resources */,
			);
			buildRules = (
			);
			dependencies = (
			);
			fileSystemSynchronizedGroups = (
				A8BB28432F4A9722005BEAF0 /* What to Eat */,
			);
			name = "What to Eat";
			packageProductDependencies = (
			);
			productName = "What to Eat";
			productReference = A8BB28412F4A9722005BEAF0 /* What to Eat.app */;
			productType = "com.apple.product-type.application";
		};
		A8BB284D2F4A9724005BEAF0 /* What to EatTests */ = {
			isa = PBXNativeTarget;
			buildConfigurationList = A8BB28652F4A9724005BEAF0 /* Build configuration list for PBXNativeTarget "What to EatTests" */;
			buildPhases = (
				A8BB284A2F4A9724005BEAF0 /* Sources */,
				A8BB284B2F4A9724005BEAF0 /* Frameworks */,
				A8BB284C2F4A9724005BEAF0 /* Resources */,
			);
			buildRules = (
			);
			dependencies = (
				A8BB28502F4A9724005BEAF0 /* PBXTargetDependency */,
			);
			fileSystemSynchronizedGroups = (
				A8BB28512F4A9724005BEAF0 /* What to EatTests */,
			);
			name = "What to EatTests";
			packageProductDependencies = (
			);
			productName = "What to EatTests";
			productReference = A8BB284E2F4A9724005BEAF0 /* What to EatTests.xctest */;
			productType = "com.apple.product-type.bundle.unit-test";
		};
		A8BB28572F4A9724005BEAF0 /* What to EatUITests */ = {
			isa = PBXNativeTarget;
			buildConfigurationList = A8BB28682F4A9724005BEAF0 /* Build configuration list for PBXNativeTarget "What to EatUITests" */;
			buildPhases = (
				A8BB28542F4A9724005BEAF0 /* Sources */,
				A8BB28552F4A9724005BEAF0 /* Frameworks */,
				A8BB28562F4A9724005BEAF0 /* Resources */,
			);
			buildRules = (
			);
			dependencies = (
				A8BB285A2F4A9724005BEAF0 /* PBXTargetDependency */,
			);
			fileSystemSynchronizedGroups = (
				A8BB285B2F4A9724005BEAF0 /* What to EatUITests */,
			);
			name = "What to EatUITests";
			packageProductDependencies = (
			);
			productName = "What to EatUITests";
			productReference = A8BB28582F4A9724005BEAF0 /* What to EatUITests.xctest */;
			productType = "com.apple.product-type.bundle.ui-testing";
		};
/* End PBXNativeTarget section */

/* Begin PBXProject section */
		A8BB28392F4A9722005BEAF0 /* Project object */ = {
			isa = PBXProject;
			attributes = {
				BuildIndependentTargetsInParallel = 1;
				LastSwiftUpdateCheck = 2620;
				LastUpgradeCheck = 2620;
				TargetAttributes = {
					A8BB28402F4A9722005BEAF0 = {
						CreatedOnToolsVersion = 26.2;
					};
					A8BB284D2F4A9724005BEAF0 = {
						CreatedOnToolsVersion = 26.2;
						TestTargetID = A8BB28402F4A9722005BEAF0;
					};
					A8BB28572F4A9724005BEAF0 = {
						CreatedOnToolsVersion = 26.2;
						TestTargetID = A8BB28402F4A9722005BEAF0;
					};
				};
			};
			buildConfigurationList = A8BB283C2F4A9722005BEAF0 /* Build configuration list for PBXProject "What to Eat" */;
			developmentRegion = en;
			hasScannedForEncodings = 0;
			knownRegions = (
				en,
				Base,
				"zh-Hans",
			);
			mainGroup = A8BB28382F4A9722005BEAF0;
			minimizedProjectReferenceProxies = 1;
			preferredProjectObjectVersion = 77;
			productRefGroup = A8BB28422F4A9722005BEAF0 /* Products */;
			projectDirPath = "";
			projectRoot = "";
			targets = (
				A8BB28402F4A9722005BEAF0 /* What to Eat */,
				A8BB284D2F4A9724005BEAF0 /* What to EatTests */,
				A8BB28572F4A9724005BEAF0 /* What to EatUITests */,
			);
		};
/* End PBXProject section */

/* Begin PBXResourcesBuildPhase section */
		A8BB283F2F4A9722005BEAF0 /* Resources */ = {
			isa = PBXResourcesBuildPhase;
			buildActionMask = 2147483647;
			files = (
			);
			runOnlyForDeploymentPostprocessing = 0;
		};
		A8BB284C2F4A9724005BEAF0 /* Resources */ = {
			isa = PBXResourcesBuildPhase;
			buildActionMask = 2147483647;
			files = (
			);
			runOnlyForDeploymentPostprocessing = 0;
		};
		A8BB28562F4A9724005BEAF0 /* Resources */ = {
			isa = PBXResourcesBuildPhase;
			buildActionMask = 2147483647;
			files = (
			);
			runOnlyForDeploymentPostprocessing = 0;
		};
/* End PBXResourcesBuildPhase section */

/* Begin PBXSourcesBuildPhase section */
		A8BB283D2F4A9722005BEAF0 /* Sources */ = {
			isa = PBXSourcesBuildPhase;
			buildActionMask = 2147483647;
			files = (
			);
			runOnlyForDeploymentPostprocessing = 0;
		};
		A8BB284A2F4A9724005BEAF0 /* Sources */ = {
			isa = PBXSourcesBuildPhase;
			buildActionMask = 2147483647;
			files = (
			);
			runOnlyForDeploymentPostprocessing = 0;
		};
		A8BB28542F4A9724005BEAF0 /* Sources */ = {
			isa = PBXSourcesBuildPhase;
			buildActionMask = 2147483647;
			files = (
			);
			runOnlyForDeploymentPostprocessing = 0;
		};
/* End PBXSourcesBuildPhase section */

/* Begin PBXTargetDependency section */
		A8BB28502F4A9724005BEAF0 /* PBXTargetDependency */ = {
			isa = PBXTargetDependency;
			target = A8BB28402F4A9722005BEAF0 /* What to Eat */;
			targetProxy = A8BB284F2F4A9724005BEAF0 /* PBXContainerItemProxy */;
		};
		A8BB285A2F4A9724005BEAF0 /* PBXTargetDependency */ = {
			isa = PBXTargetDependency;
			target = A8BB28402F4A9722005BEAF0 /* What to Eat */;
			targetProxy = A8BB28592F4A9724005BEAF0 /* PBXContainerItemProxy */;
		};
/* End PBXTargetDependency section */

/* Begin XCBuildConfiguration section */
		A8BB28602F4A9724005BEAF0 /* Debug */ = {
			isa = XCBuildConfiguration;
			buildSettings = {
				ALWAYS_SEARCH_USER_PATHS = NO;
				ASSETCATALOG_COMPILER_GENERATE_SWIFT_ASSET_SYMBOL_EXTENSIONS = YES;
				CLANG_ANALYZER_NONNULL = YES;
				CLANG_ANALYZER_NUMBER_OBJECT_CONVERSION = YES_AGGRESSIVE;
				CLANG_CXX_LANGUAGE_STANDARD = "gnu++20";
				CLANG_ENABLE_MODULES = YES;
				CLANG_ENABLE_OBJC_ARC = YES;
				CLANG_ENABLE_OBJC_WEAK = YES;
				CLANG_WARN_BLOCK_CAPTURE_AUTORELEASING = YES;
				CLANG_WARN_BOOL_CONVERSION = YES;
				CLANG_WARN_COMMA = YES;
				CLANG_WARN_CONSTANT_CONVERSION = YES;
				CLANG_WARN_DEPRECATED_OBJC_IMPLEMENTATIONS = YES;
				CLANG_WARN_DIRECT_OBJC_ISA_USAGE = YES_ERROR;
				CLANG_WARN_DOCUMENTATION_COMMENTS = YES;
				CLANG_WARN_EMPTY_BODY = YES;
				CLANG_WARN_ENUM_CONVERSION = YES;
				CLANG_WARN_INFINITE_RECURSION = YES;
				CLANG_WARN_INT_CONVERSION = YES;
				CLANG_WARN_NON_LITERAL_NULL_CONVERSION = YES;
				CLANG_WARN_OBJC_IMPLICIT_RETAIN_SELF = YES;
				CLANG_WARN_OBJC_LITERAL_CONVERSION = YES;
				CLANG_WARN_OBJC_ROOT_CLASS = YES_ERROR;
				CLANG_WARN_QUOTED_INCLUDE_IN_FRAMEWORK_HEADER = YES;
				CLANG_WARN_RANGE_LOOP_ANALYSIS = YES;
				CLANG_WARN_STRICT_PROTOTYPES = YES;
				CLANG_WARN_SUSPICIOUS_MOVE = YES;
				CLANG_WARN_UNGUARDED_AVAILABILITY = YES_AGGRESSIVE;
				CLANG_WARN_UNREACHABLE_CODE = YES;
				CLANG_WARN__DUPLICATE_METHOD_MATCH = YES;
				COPY_PHASE_STRIP = NO;
				DEBUG_INFORMATION_FORMAT = dwarf;
				ENABLE_STRICT_OBJC_MSGSEND = YES;
				ENABLE_TESTABILITY = YES;
				ENABLE_USER_SCRIPT_SANDBOXING = YES;
				GCC_C_LANGUAGE_STANDARD = gnu17;
				GCC_DYNAMIC_NO_PIC = NO;
				GCC_NO_COMMON_BLOCKS = YES;
				GCC_OPTIMIZATION_LEVEL = 0;
				GCC_PREPROCESSOR_DEFINITIONS = (
					"DEBUG=1",
					"$(inherited)",
				);
				GCC_WARN_64_TO_32_BIT_CONVERSION = YES;
				GCC_WARN_ABOUT_RETURN_TYPE = YES_ERROR;
				GCC_WARN_UNDECLARED_SELECTOR = YES;
				GCC_WARN_UNINITIALIZED_AUTOS = YES_AGGRESSIVE;
				GCC_WARN_UNUSED_FUNCTION = YES;
				GCC_WARN_UNUSED_VARIABLE = YES;
				IPHONEOS_DEPLOYMENT_TARGET = 17.0;
				LOCALIZATION_PREFERS_STRING_CATALOGS = YES;
				MTL_ENABLE_DEBUG_INFO = INCLUDE_SOURCE;
				MTL_FAST_MATH = YES;
				ONLY_ACTIVE_ARCH = YES;
				SDKROOT = iphoneos;
				SWIFT_ACTIVE_COMPILATION_CONDITIONS = "DEBUG $(inherited)";
				SWIFT_OPTIMIZATION_LEVEL = "-Onone";
			};
			name = Debug;
		};
		A8BB28612F4A9724005BEAF0 /* Release */ = {
			isa = XCBuildConfiguration;
			buildSettings = {
				ALWAYS_SEARCH_USER_PATHS = NO;
				ASSETCATALOG_COMPILER_GENERATE_SWIFT_ASSET_SYMBOL_EXTENSIONS = YES;
				CLANG_ANALYZER_NONNULL = YES;
				CLANG_ANALYZER_NUMBER_OBJECT_CONVERSION = YES_AGGRESSIVE;
				CLANG_CXX_LANGUAGE_STANDARD = "gnu++20";
				CLANG_ENABLE_MODULES = YES;
				CLANG_ENABLE_OBJC_ARC = YES;
				CLANG_ENABLE_OBJC_WEAK = YES;
				CLANG_WARN_BLOCK_CAPTURE_AUTORELEASING = YES;
				CLANG_WARN_BOOL_CONVERSION = YES;
				CLANG_WARN_COMMA = YES;
				CLANG_WARN_CONSTANT_CONVERSION = YES;
				CLANG_WARN_DEPRECATED_OBJC_IMPLEMENTATIONS = YES;
				CLANG_WARN_DIRECT_OBJC_ISA_USAGE = YES_ERROR;
				CLANG_WARN_DOCUMENTATION_COMMENTS = YES;
				CLANG_WARN_EMPTY_BODY = YES;
				CLANG_WARN_ENUM_CONVERSION = YES;
				CLANG_WARN_INFINITE_RECURSION = YES;
				CLANG_WARN_INT_CONVERSION = YES;
				CLANG_WARN_NON_LITERAL_NULL_CONVERSION = YES;
				CLANG_WARN_OBJC_IMPLICIT_RETAIN_SELF = YES;
				CLANG_WARN_OBJC_LITERAL_CONVERSION = YES;
				CLANG_WARN_OBJC_ROOT_CLASS = YES_ERROR;
				CLANG_WARN_QUOTED_INCLUDE_IN_FRAMEWORK_HEADER = YES;
				CLANG_WARN_RANGE_LOOP_ANALYSIS = YES;
				CLANG_WARN_STRICT_PROTOTYPES = YES;
				CLANG_WARN_SUSPICIOUS_MOVE = YES;
				CLANG_WARN_UNGUARDED_AVAILABILITY = YES_AGGRESSIVE;
				CLANG_WARN_UNREACHABLE_CODE = YES;
				CLANG_WARN__DUPLICATE_METHOD_MATCH = YES;
				COPY_PHASE_STRIP = NO;
				DEBUG_INFORMATION_FORMAT = "dwarf-with-dsym";
				ENABLE_NS_ASSERTIONS = NO;
				ENABLE_STRICT_OBJC_MSGSEND = YES;
				ENABLE_USER_SCRIPT_SANDBOXING = YES;
				GCC_C_LANGUAGE_STANDARD = gnu17;
				GCC_NO_COMMON_BLOCKS = YES;
				GCC_WARN_64_TO_32_BIT_CONVERSION = YES;
				GCC_WARN_ABOUT_RETURN_TYPE = YES_ERROR;
				GCC_WARN_UNDECLARED_SELECTOR = YES;
				GCC_WARN_UNINITIALIZED_AUTOS = YES_AGGRESSIVE;
				GCC_WARN_UNUSED_FUNCTION = YES;
				GCC_WARN_UNUSED_VARIABLE = YES;
				IPHONEOS_DEPLOYMENT_TARGET = 17.0;
				LOCALIZATION_PREFERS_STRING_CATALOGS = YES;
				MTL_ENABLE_DEBUG_INFO = NO;
				MTL_FAST_MATH = YES;
				SDKROOT = iphoneos;
				SWIFT_COMPILATION_MODE = wholemodule;
				VALIDATE_PRODUCT = YES;
			};
			name = Release;
		};
		A8BB28632F4A9724005BEAF0 /* Debug */ = {
			isa = XCBuildConfiguration;
			buildSettings = {
				ASSETCATALOG_COMPILER_APPICON_NAME = AppIcon;
				ASSETCATALOG_COMPILER_GLOBAL_ACCENT_COLOR_NAME = AccentColor;
				CODE_SIGN_ENTITLEMENTS = "What to Eat/What to Eat.entitlements";
				CODE_SIGN_STYLE = Automatic;
				CURRENT_PROJECT_VERSION = 1;
				ENABLE_PREVIEWS = YES;
				GENERATE_INFOPLIST_FILE = YES;
				INFOPLIST_KEY_CFBundleDisplayName = "Eat Eat What";
				INFOPLIST_KEY_NSCameraUsageDescription = "Eat Eat What uses camera access so you can capture meal and health report photos directly in the app.";
				INFOPLIST_KEY_NSHealthShareUsageDescription = "Eat Eat What reads your Activity, Exercise, Sleep, Steps, Weight, and Body Fat data from Apple Health to show daily statistics, estimate energy balance, and personalize meal guidance. Your data stays on your device.";
				INFOPLIST_KEY_NSHealthUpdateUsageDescription = "Eat Eat What only writes nutrition data to Apple Health when you explicitly choose a sync action.";
				INFOPLIST_KEY_NSLocationWhenInUseUsageDescription = "Meal Coach uses your location to suggest nearby restaurants.";
				INFOPLIST_KEY_NSPhotoLibraryUsageDescription = "Eat Eat What needs photo access for meal logs and health status uploads.";
				INFOPLIST_KEY_UIApplicationSceneManifest_Generation = YES;
				INFOPLIST_KEY_UIApplicationSupportsIndirectInputEvents = YES;
				INFOPLIST_KEY_UILaunchScreen_Generation = YES;
				INFOPLIST_KEY_UISupportedInterfaceOrientations_iPad = "UIInterfaceOrientationPortrait UIInterfaceOrientationPortraitUpsideDown UIInterfaceOrientationLandscapeLeft UIInterfaceOrientationLandscapeRight";
				INFOPLIST_KEY_UISupportedInterfaceOrientations_iPhone = "UIInterfaceOrientationPortrait UIInterfaceOrientationLandscapeLeft UIInterfaceOrientationLandscapeRight";
				IPHONEOS_DEPLOYMENT_TARGET = 17.0;
				LD_RUNPATH_SEARCH_PATHS = (
					"$(inherited)",
					"@executable_path/Frameworks",
				);
				MARKETING_VERSION = 1.0;
				PRODUCT_BUNDLE_IDENTIFIER = com.example.whattoeat;
				PRODUCT_NAME = "$(TARGET_NAME)";
				STRING_CATALOG_GENERATE_SYMBOLS = YES;
				SWIFT_APPROACHABLE_CONCURRENCY = YES;
				SWIFT_DEFAULT_ACTOR_ISOLATION = MainActor;
				SWIFT_EMIT_LOC_STRINGS = YES;
				SWIFT_UPCOMING_FEATURE_MEMBER_IMPORT_VISIBILITY = YES;
				SWIFT_VERSION = 5.0;
				TARGETED_DEVICE_FAMILY = "1,2";
			};
			name = Debug;
		};
		A8BB28642F4A9724005BEAF0 /* Release */ = {
			isa = XCBuildConfiguration;
			buildSettings = {
				ASSETCATALOG_COMPILER_APPICON_NAME = AppIcon;
				ASSETCATALOG_COMPILER_GLOBAL_ACCENT_COLOR_NAME = AccentColor;
				CODE_SIGN_ENTITLEMENTS = "What to Eat/What to Eat.entitlements";
				CODE_SIGN_STYLE = Automatic;
				CURRENT_PROJECT_VERSION = 1;
				ENABLE_PREVIEWS = YES;
				GENERATE_INFOPLIST_FILE = YES;
				INFOPLIST_KEY_CFBundleDisplayName = "Eat Eat What";
				INFOPLIST_KEY_NSCameraUsageDescription = "Eat Eat What uses camera access so you can capture meal and health report photos directly in the app.";
				INFOPLIST_KEY_NSHealthShareUsageDescription = "Eat Eat What reads your Activity, Exercise, Sleep, Steps, Weight, and Body Fat data from Apple Health to show daily statistics, estimate energy balance, and personalize meal guidance. Your data stays on your device.";
				INFOPLIST_KEY_NSHealthUpdateUsageDescription = "Eat Eat What only writes nutrition data to Apple Health when you explicitly choose a sync action.";
				INFOPLIST_KEY_NSLocationWhenInUseUsageDescription = "Meal Coach uses your location to suggest nearby restaurants.";
				INFOPLIST_KEY_NSPhotoLibraryUsageDescription = "Eat Eat What needs photo access for meal logs and health status uploads.";
				INFOPLIST_KEY_UIApplicationSceneManifest_Generation = YES;
				INFOPLIST_KEY_UIApplicationSupportsIndirectInputEvents = YES;
				INFOPLIST_KEY_UILaunchScreen_Generation = YES;
				INFOPLIST_KEY_UISupportedInterfaceOrientations_iPad = "UIInterfaceOrientationPortrait UIInterfaceOrientationPortraitUpsideDown UIInterfaceOrientationLandscapeLeft UIInterfaceOrientationLandscapeRight";
				INFOPLIST_KEY_UISupportedInterfaceOrientations_iPhone = "UIInterfaceOrientationPortrait UIInterfaceOrientationLandscapeLeft UIInterfaceOrientationLandscapeRight";
				IPHONEOS_DEPLOYMENT_TARGET = 17.0;
				LD_RUNPATH_SEARCH_PATHS = (
					"$(inherited)",
					"@executable_path/Frameworks",
				);
				MARKETING_VERSION = 1.0;
				PRODUCT_BUNDLE_IDENTIFIER = com.example.whattoeat;
				PRODUCT_NAME = "$(TARGET_NAME)";
				STRING_CATALOG_GENERATE_SYMBOLS = YES;
				SWIFT_APPROACHABLE_CONCURRENCY = YES;
				SWIFT_DEFAULT_ACTOR_ISOLATION = MainActor;
				SWIFT_EMIT_LOC_STRINGS = YES;
				SWIFT_UPCOMING_FEATURE_MEMBER_IMPORT_VISIBILITY = YES;
				SWIFT_VERSION = 5.0;
				TARGETED_DEVICE_FAMILY = "1,2";
			};
			name = Release;
		};
		A8BB28662F4A9724005BEAF0 /* Debug */ = {
			isa = XCBuildConfiguration;
			buildSettings = {
				BUNDLE_LOADER = "$(TEST_HOST)";
				CODE_SIGN_STYLE = Automatic;
				CURRENT_PROJECT_VERSION = 1;
				GENERATE_INFOPLIST_FILE = YES;
				IPHONEOS_DEPLOYMENT_TARGET = 17.0;
				MARKETING_VERSION = 1.0;
				PRODUCT_BUNDLE_IDENTIFIER = com.example.whattoeatTests;
				PRODUCT_NAME = "$(TARGET_NAME)";
				STRING_CATALOG_GENERATE_SYMBOLS = NO;
				SWIFT_APPROACHABLE_CONCURRENCY = YES;
				SWIFT_EMIT_LOC_STRINGS = NO;
				SWIFT_UPCOMING_FEATURE_MEMBER_IMPORT_VISIBILITY = YES;
				SWIFT_VERSION = 5.0;
				TARGETED_DEVICE_FAMILY = "1,2";
				TEST_HOST = "$(BUILT_PRODUCTS_DIR)/What to Eat.app/$(BUNDLE_EXECUTABLE_FOLDER_PATH)/What to Eat";
			};
			name = Debug;
		};
		A8BB28672F4A9724005BEAF0 /* Release */ = {
			isa = XCBuildConfiguration;
			buildSettings = {
				BUNDLE_LOADER = "$(TEST_HOST)";
				CODE_SIGN_STYLE = Automatic;
				CURRENT_PROJECT_VERSION = 1;
				GENERATE_INFOPLIST_FILE = YES;
				IPHONEOS_DEPLOYMENT_TARGET = 17.0;
				MARKETING_VERSION = 1.0;
				PRODUCT_BUNDLE_IDENTIFIER = com.example.whattoeatTests;
				PRODUCT_NAME = "$(TARGET_NAME)";
				STRING_CATALOG_GENERATE_SYMBOLS = NO;
				SWIFT_APPROACHABLE_CONCURRENCY = YES;
				SWIFT_EMIT_LOC_STRINGS = NO;
				SWIFT_UPCOMING_FEATURE_MEMBER_IMPORT_VISIBILITY = YES;
				SWIFT_VERSION = 5.0;
				TARGETED_DEVICE_FAMILY = "1,2";
				TEST_HOST = "$(BUILT_PRODUCTS_DIR)/What to Eat.app/$(BUNDLE_EXECUTABLE_FOLDER_PATH)/What to Eat";
			};
			name = Release;
		};
		A8BB28692F4A9724005BEAF0 /* Debug */ = {
			isa = XCBuildConfiguration;
			buildSettings = {
				CODE_SIGN_STYLE = Automatic;
				CURRENT_PROJECT_VERSION = 1;
				GENERATE_INFOPLIST_FILE = YES;
				MARKETING_VERSION = 1.0;
				PRODUCT_BUNDLE_IDENTIFIER = com.example.whattoeatUITests;
				PRODUCT_NAME = "$(TARGET_NAME)";
				STRING_CATALOG_GENERATE_SYMBOLS = NO;
				SWIFT_APPROACHABLE_CONCURRENCY = YES;
				SWIFT_EMIT_LOC_STRINGS = NO;
				SWIFT_UPCOMING_FEATURE_MEMBER_IMPORT_VISIBILITY = YES;
				SWIFT_VERSION = 5.0;
				TARGETED_DEVICE_FAMILY = "1,2";
				TEST_TARGET_NAME = "What to Eat";
			};
			name = Debug;
		};
		A8BB286A2F4A9724005BEAF0 /* Release */ = {
			isa = XCBuildConfiguration;
			buildSettings = {
				CODE_SIGN_STYLE = Automatic;
				CURRENT_PROJECT_VERSION = 1;
				GENERATE_INFOPLIST_FILE = YES;
				MARKETING_VERSION = 1.0;
				PRODUCT_BUNDLE_IDENTIFIER = com.example.whattoeatUITests;
				PRODUCT_NAME = "$(TARGET_NAME)";
				STRING_CATALOG_GENERATE_SYMBOLS = NO;
				SWIFT_APPROACHABLE_CONCURRENCY = YES;
				SWIFT_EMIT_LOC_STRINGS = NO;
				SWIFT_UPCOMING_FEATURE_MEMBER_IMPORT_VISIBILITY = YES;
				SWIFT_VERSION = 5.0;
				TARGETED_DEVICE_FAMILY = "1,2";
				TEST_TARGET_NAME = "What to Eat";
			};
			name = Release;
		};
/* End XCBuildConfiguration section */

/* Begin XCConfigurationList section */
		A8BB283C2F4A9722005BEAF0 /* Build configuration list for PBXProject "What to Eat" */ = {
			isa = XCConfigurationList;
			buildConfigurations = (
				A8BB28602F4A9724005BEAF0 /* Debug */,
				A8BB28612F4A9724005BEAF0 /* Release */,
			);
			defaultConfigurationIsVisible = 0;
			defaultConfigurationName = Release;
		};
		A8BB28622F4A9724005BEAF0 /* Build configuration list for PBXNativeTarget "What to Eat" */ = {
			isa = XCConfigurationList;
			buildConfigurations = (
				A8BB28632F4A9724005BEAF0 /* Debug */,
				A8BB28642F4A9724005BEAF0 /* Release */,
			);
			defaultConfigurationIsVisible = 0;
			defaultConfigurationName = Release;
		};
		A8BB28652F4A9724005BEAF0 /* Build configuration list for PBXNativeTarget "What to EatTests" */ = {
			isa = XCConfigurationList;
			buildConfigurations = (
				A8BB28662F4A9724005BEAF0 /* Debug */,
				A8BB28672F4A9724005BEAF0 /* Release */,
			);
			defaultConfigurationIsVisible = 0;
			defaultConfigurationName = Release;
		};
		A8BB28682F4A9724005BEAF0 /* Build configuration list for PBXNativeTarget "What to EatUITests" */ = {
			isa = XCConfigurationList;
			buildConfigurations = (
				A8BB28692F4A9724005BEAF0 /* Debug */,
				A8BB286A2F4A9724005BEAF0 /* Release */,
			);
			defaultConfigurationIsVisible = 0;
			defaultConfigurationName = Release;
		};
/* End XCConfigurationList section */
	};
	rootObject = A8BB28392F4A9722005BEAF0 /* Project object */;
}
